{
  "originHash" : "a1c1aa14304cb430625ccb2ac75f55aea6da24e72f3a2459c447e5309929679a",
  "pins" : [
    {
      "identity" : "askcoordinator",
      "kind" : "remoteSourceControl",
      "location" : "https://github.com/skorulis/ASKCoordinator",
      "state" : {
        "branch" : "main",
        "revision" : "f794997e6f7633dc07b31d0df90329aa76e6d7f8"
      }
    },
    {
      "identity" : "askcore",
      "kind" : "remoteSourceControl",
      "location" : "https://github.com/skorulis/ASKCore",
      "state" : {
        "branch" : "main",
        "revision" : "861e090263cd19eb7e4da49c98eaf0ec56e494eb"
      }
    },
    {
      "identity" : "cgpointvector",
      "kind" : "remoteSourceControl",
      "location" : "https://github.com/koher/CGPointVector",
      "state" : {
        "revision" : "f6bed1d89d200cd639bf1284bf762fbb41835855",
        "version" : "0.4.1"
      }
    },
    {
      "identity" : "knit",
      "kind" : "remoteSourceControl",
      "location" : "https://github.com/cashapp/knit.git",
      "state" : {
        "branch" : "skorulis/spm-plugin",
        "revision" : "f78d1e9f6cd0706d883a256b8115344f2d7051c4"
      }
    },
    {
      "identity" : "swift-argument-parser",
      "kind" : "remoteSourceControl",
      "location" : "https://github.com/apple/swift-argument-parser",
      "state" : {
        "revision" : "309a47b2b1d9b5e991f36961c983ecec72275be3",
        "version" : "1.6.1"
      }
    },
    {
      "identity" : "swift-syntax",
      "kind" : "remoteSourceControl",
      "location" : "https://github.com/apple/swift-syntax.git",
      "state" : {
        "revision" : "0687f71944021d616d34d922343dcef086855920",
        "version" : "600.0.1"
      }
    },
    {
      "identity" : "uicolor-hex-swift",
      "kind" : "remoteSourceControl",
      "location" : "https://github.com/yeahdongcn/UIColor-Hex-Swift",
      "state" : {
        "revision" : "f37f97bc1a5b545b39ab5330e133e56fa4f38cff",
        "version" : "5.1.9"
      }
    }
  ],
  "version" : 3
}
