{
  "originHash" : "a1c1aa14304cb430625ccb2ac75f55aea6da24e72f3a2459c447e5309929679a",
  "pins" : [
    {
      "identity" : "askcoordinator",
      "kind" : "remoteSourceControl",
      "location" : "https://github.com/skorulis/ASKCoordinator",
      "state" : {
        "branch" : "main",
        "revision" : "5e8d5457970b443f93022bdc67fa5dfa32115d2b"
      }
    },
    {
      "identity" : "askcore",
      "kind" : "remoteSourceControl",
      "location" : "https://github.com/skorulis/ASKCore",
      "state" : {
        "branch" : "main",
        "revision" : "b10c80e347739f1288846fa2a341440c74481d65"
      }
    },
    {
      "identity" : "cgpointvector",
      "kind" : "remoteSourceControl",
      "location" : "https://github.com/koher/CGPointVector",
      "state" : {
        "revision" : "f6bed1d89d200cd639bf1284bf762fbb41835855",
        "version" : "0.4.1"
      }
    },
    {
      "identity" : "knit",
      "kind" : "remoteSourceControl",
      "location" : "https://github.com/cashapp/knit",
      "state" : {
        "branch" : "skorulis/resolver-class",
        "revision" : "e06231cdcd4ddcb6a35fa01320f0f25cc8c0df55"
      }
    },
    {
      "identity" : "swift-argument-parser",
      "kind" : "remoteSourceControl",
      "location" : "https://github.com/apple/swift-argument-parser",
      "state" : {
        "revision" : "309a47b2b1d9b5e991f36961c983ecec72275be3",
        "version" : "1.6.1"
      }
    },
    {
      "identity" : "swift-syntax",
      "kind" : "remoteSourceControl",
      "location" : "https://github.com/apple/swift-syntax.git",
      "state" : {
        "revision" : "f99ae8aa18f0cf0d53481901f88a0991dc3bd4a2",
        "version" : "601.0.1"
      }
    },
    {
      "identity" : "uicolor-hex-swift",
      "kind" : "remoteSourceControl",
      "location" : "https://github.com/yeahdongcn/UIColor-Hex-Swift",
      "state" : {
        "revision" : "f37f97bc1a5b545b39ab5330e133e56fa4f38cff",
        "version" : "5.1.9"
      }
    }
  ],
  "version" : 3
}
