{
  "originHash" : "a1c1aa14304cb430625ccb2ac75f55aea6da24e72f3a2459c447e5309929679a",
  "pins" : [
    {
      "identity" : "askcore",
      "kind" : "remoteSourceControl",
      "location" : "https://github.com/skorulis/ASKCore",
      "state" : {
        "revision" : "f454c08cc2c684555a7fe3aee885657114dd0a8a"
      }
    },
    {
      "identity" : "cgpointvector",
      "kind" : "remoteSourceControl",
      "location" : "https://github.com/koher/CGPointVector",
      "state" : {
        "revision" : "f6bed1d89d200cd639bf1284bf762fbb41835855",
        "version" : "0.4.1"
      }
    },
    {
      "identity" : "knit",
      "kind" : "remoteSourceControl",
      "location" : "https://github.com/cashapp/knit",
      "state" : {
        "revision" : "aa98631653deeba227f6010ccb75046846a8ed62",
        "version" : "2.0.1"
      }
    },
    {
      "identity" : "swift-argument-parser",
      "kind" : "remoteSourceControl",
      "location" : "https://github.com/apple/swift-argument-parser",
      "state" : {
        "revision" : "41982a3656a71c768319979febd796c6fd111d5c",
        "version" : "1.5.0"
      }
    },
    {
      "identity" : "swift-syntax",
      "kind" : "remoteSourceControl",
      "location" : "https://github.com/apple/swift-syntax.git",
      "state" : {
        "revision" : "2bc86522d115234d1f588efe2bcb4ce4be8f8b82",
        "version" : "510.0.3"
      }
    },
    {
      "identity" : "uicolor-hex-swift",
      "kind" : "remoteSourceControl",
      "location" : "https://github.com/yeahdongcn/UIColor-Hex-Swift",
      "state" : {
        "revision" : "f37f97bc1a5b545b39ab5330e133e56fa4f38cff",
        "version" : "5.1.9"
      }
    }
  ],
  "version" : 3
}
