// !$*UTF8*$!
{
	archiveVersion = 1;
	classes = {
	};
	objectVersion = 77;
	objects = {

/* Begin PBXBuildFile section */
		FA0AD9EA2D72931F002F1570 /* Core in Frameworks */ = {isa = PBXBuildFile; productRef = FA0AD9E92D72931F002F1570 /* Core */; };
		FA6024192D5EC79A0003286A /* knitconfig.json in Resources */ = {isa = PBXBuildFile; fileRef = FA6024182D5EC79A0003286A /* knitconfig.json */; };
		FA60246E2D5ED2840003286A /* Knit in Frameworks */ = {isa = PBXBuildFile; productRef = FA60246D2D5ED2840003286A /* Knit */; };
		FA6024702D5ED2840003286A /* KnitMacros in Frameworks */ = {isa = PBXBuildFile; productRef = FA60246F2D5ED2840003286A /* KnitMacros */; };
		FA6024862D5EE1D80003286A /* ASKCore in Frameworks */ = {isa = PBXBuildFile; productRef = FA6024852D5EE1D80003286A /* ASKCore */; };
		FA6025A72D6057600003286A /* UIColorHexSwift in Frameworks */ = {isa = PBXBuildFile; productRef = FA6025A62D6057600003286A /* UIColorHexSwift */; };
		FA6D99F52D72B15400242A2D /* Core in Frameworks */ = {isa = PBXBuildFile; productRef = FA6D99F42D72B15400242A2D /* Core */; };
		FAF0BAA12DBC69650038BAFA /* Battler in Frameworks */ = {isa = PBXBuildFile; productRef = FAF0BAA02DBC69650038BAFA /* Battler */; };
/* End PBXBuildFile section */

/* Begin PBXContainerItemProxy section */
		FA6023E82D5EC5420003286A /* PBXContainerItemProxy */ = {
			isa = PBXContainerItemProxy;
			containerPortal = FA6023CF2D5EC5410003286A /* Project object */;
			proxyType = 1;
			remoteGlobalIDString = FA6023D62D5EC5410003286A;
			remoteInfo = ExpandingWorld;
		};
		FA6D99052D72AF5200242A2D /* PBXContainerItemProxy */ = {
			isa = PBXContainerItemProxy;
			containerPortal = FA6023CF2D5EC5410003286A /* Project object */;
			proxyType = 1;
			remoteGlobalIDString = FA6D98F32D72AF5000242A2D;
			remoteInfo = LevelEditor;
		};
/* End PBXContainerItemProxy section */

/* Begin PBXFileReference section */
		FA6023D72D5EC5410003286A /* ExpandingWorld.app */ = {isa = PBXFileReference; explicitFileType = wrapper.application; includeInIndex = 0; path = ExpandingWorld.app; sourceTree = BUILT_PRODUCTS_DIR; };
		FA6023E72D5EC5420003286A /* ExpandingWorldTests.xctest */ = {isa = PBXFileReference; explicitFileType = wrapper.cfbundle; includeInIndex = 0; path = ExpandingWorldTests.xctest; sourceTree = BUILT_PRODUCTS_DIR; };
		FA6024182D5EC79A0003286A /* knitconfig.json */ = {isa = PBXFileReference; lastKnownFileType = text.json; path = knitconfig.json; sourceTree = "<group>"; };
		FA6D98F42D72AF5000242A2D /* LevelEditor.app */ = {isa = PBXFileReference; explicitFileType = wrapper.application; includeInIndex = 0; path = LevelEditor.app; sourceTree = BUILT_PRODUCTS_DIR; };
		FA6D99042D72AF5200242A2D /* LevelEditorTests.xctest */ = {isa = PBXFileReference; explicitFileType = wrapper.cfbundle; includeInIndex = 0; path = LevelEditorTests.xctest; sourceTree = BUILT_PRODUCTS_DIR; };
/* End PBXFileReference section */

/* Begin PBXFileSystemSynchronizedRootGroup section */
		FA6023D92D5EC5410003286A /* ExpandingWorld */ = {
			isa = PBXFileSystemSynchronizedRootGroup;
			path = ExpandingWorld;
			sourceTree = "<group>";
		};
		FA6023EA2D5EC5420003286A /* ExpandingWorldTests */ = {
			isa = PBXFileSystemSynchronizedRootGroup;
			path = ExpandingWorldTests;
			sourceTree = "<group>";
		};
		FA6D98F52D72AF5000242A2D /* LevelEditor */ = {
			isa = PBXFileSystemSynchronizedRootGroup;
			path = LevelEditor;
			sourceTree = "<group>";
		};
		FA6D99072D72AF5200242A2D /* LevelEditorTests */ = {
			isa = PBXFileSystemSynchronizedRootGroup;
			path = LevelEditorTests;
			sourceTree = "<group>";
		};
/* End PBXFileSystemSynchronizedRootGroup section */

/* Begin PBXFrameworksBuildPhase section */
		FA6023D42D5EC5410003286A /* Frameworks */ = {
			isa = PBXFrameworksBuildPhase;
			buildActionMask = 2147483647;
			files = (
				FA6024862D5EE1D80003286A /* ASKCore in Frameworks */,
				FA60246E2D5ED2840003286A /* Knit in Frameworks */,
				FA6025A72D6057600003286A /* UIColorHexSwift in Frameworks */,
				FAF0BAA12DBC69650038BAFA /* Battler in Frameworks */,
				FA0AD9EA2D72931F002F1570 /* Core in Frameworks */,
				FA6024702D5ED2840003286A /* KnitMacros in Frameworks */,
			);
			runOnlyForDeploymentPostprocessing = 0;
		};
		FA6023E42D5EC5420003286A /* Frameworks */ = {
			isa = PBXFrameworksBuildPhase;
			buildActionMask = 2147483647;
			files = (
			);
			runOnlyForDeploymentPostprocessing = 0;
		};
		FA6D98F12D72AF5000242A2D /* Frameworks */ = {
			isa = PBXFrameworksBuildPhase;
			buildActionMask = 2147483647;
			files = (
				FA6D99F52D72B15400242A2D /* Core in Frameworks */,
			);
			runOnlyForDeploymentPostprocessing = 0;
		};
		FA6D99012D72AF5200242A2D /* Frameworks */ = {
			isa = PBXFrameworksBuildPhase;
			buildActionMask = 2147483647;
			files = (
			);
			runOnlyForDeploymentPostprocessing = 0;
		};
/* End PBXFrameworksBuildPhase section */

/* Begin PBXGroup section */
		FA6023CE2D5EC5410003286A = {
			isa = PBXGroup;
			children = (
				FA6024182D5EC79A0003286A /* knitconfig.json */,
				FA6023D92D5EC5410003286A /* ExpandingWorld */,
				FA6023EA2D5EC5420003286A /* ExpandingWorldTests */,
				FA6D98F52D72AF5000242A2D /* LevelEditor */,
				FA6D99072D72AF5200242A2D /* LevelEditorTests */,
				FA6D99F32D72B15400242A2D /* Frameworks */,
				FA6023D82D5EC5410003286A /* Products */,
			);
			sourceTree = "<group>";
		};
		FA6023D82D5EC5410003286A /* Products */ = {
			isa = PBXGroup;
			children = (
				FA6023D72D5EC5410003286A /* ExpandingWorld.app */,
				FA6023E72D5EC5420003286A /* ExpandingWorldTests.xctest */,
				FA6D98F42D72AF5000242A2D /* LevelEditor.app */,
				FA6D99042D72AF5200242A2D /* LevelEditorTests.xctest */,
			);
			name = Products;
			sourceTree = "<group>";
		};
		FA6D99F32D72B15400242A2D /* Frameworks */ = {
			isa = PBXGroup;
			children = (
			);
			name = Frameworks;
			sourceTree = "<group>";
		};
/* End PBXGroup section */

/* Begin PBXNativeTarget section */
		FA6023D62D5EC5410003286A /* ExpandingWorld */ = {
			isa = PBXNativeTarget;
			buildConfigurationList = FA6023FB2D5EC5430003286A /* Build configuration list for PBXNativeTarget "ExpandingWorld" */;
			buildPhases = (
				FA6023D32D5EC5410003286A /* Sources */,
				FA6023D42D5EC5410003286A /* Frameworks */,
				FA6023D52D5EC5410003286A /* Resources */,
			);
			buildRules = (
			);
			dependencies = (
				FA6024792D5EDDD80003286A /* PBXTargetDependency */,
			);
			fileSystemSynchronizedGroups = (
				FA6023D92D5EC5410003286A /* ExpandingWorld */,
			);
			name = ExpandingWorld;
			packageProductDependencies = (
				FA60246D2D5ED2840003286A /* Knit */,
				FA60246F2D5ED2840003286A /* KnitMacros */,
				FA6024852D5EE1D80003286A /* ASKCore */,
				FA6025A62D6057600003286A /* UIColorHexSwift */,
				FA0AD9E92D72931F002F1570 /* Core */,
				FAF0BAA02DBC69650038BAFA /* Battler */,
			);
			productName = ExpandingWorld;
			productReference = FA6023D72D5EC5410003286A /* ExpandingWorld.app */;
			productType = "com.apple.product-type.application";
		};
		FA6023E62D5EC5420003286A /* ExpandingWorldTests */ = {
			isa = PBXNativeTarget;
			buildConfigurationList = FA6023FE2D5EC5430003286A /* Build configuration list for PBXNativeTarget "ExpandingWorldTests" */;
			buildPhases = (
				FA6023E32D5EC5420003286A /* Sources */,
				FA6023E42D5EC5420003286A /* Frameworks */,
				FA6023E52D5EC5420003286A /* Resources */,
			);
			buildRules = (
			);
			dependencies = (
				FA6023E92D5EC5420003286A /* PBXTargetDependency */,
			);
			fileSystemSynchronizedGroups = (
				FA6023EA2D5EC5420003286A /* ExpandingWorldTests */,
			);
			name = ExpandingWorldTests;
			packageProductDependencies = (
			);
			productName = ExpandingWorldTests;
			productReference = FA6023E72D5EC5420003286A /* ExpandingWorldTests.xctest */;
			productType = "com.apple.product-type.bundle.unit-test";
		};
		FA6D98F32D72AF5000242A2D /* LevelEditor */ = {
			isa = PBXNativeTarget;
			buildConfigurationList = FA6D99162D72AF5200242A2D /* Build configuration list for PBXNativeTarget "LevelEditor" */;
			buildPhases = (
				FA6D98F02D72AF5000242A2D /* Sources */,
				FA6D98F12D72AF5000242A2D /* Frameworks */,
				FA6D98F22D72AF5000242A2D /* Resources */,
			);
			buildRules = (
			);
			dependencies = (
			);
			fileSystemSynchronizedGroups = (
				FA6D98F52D72AF5000242A2D /* LevelEditor */,
			);
			name = LevelEditor;
			packageProductDependencies = (
				FA6D99F42D72B15400242A2D /* Core */,
			);
			productName = LevelEditor;
			productReference = FA6D98F42D72AF5000242A2D /* LevelEditor.app */;
			productType = "com.apple.product-type.application";
		};
		FA6D99032D72AF5200242A2D /* LevelEditorTests */ = {
			isa = PBXNativeTarget;
			buildConfigurationList = FA6D99192D72AF5200242A2D /* Build configuration list for PBXNativeTarget "LevelEditorTests" */;
			buildPhases = (
				FA6D99002D72AF5200242A2D /* Sources */,
				FA6D99012D72AF5200242A2D /* Frameworks */,
				FA6D99022D72AF5200242A2D /* Resources */,
			);
			buildRules = (
			);
			dependencies = (
				FA6D99062D72AF5200242A2D /* PBXTargetDependency */,
			);
			fileSystemSynchronizedGroups = (
				FA6D99072D72AF5200242A2D /* LevelEditorTests */,
			);
			name = LevelEditorTests;
			packageProductDependencies = (
			);
			productName = LevelEditorTests;
			productReference = FA6D99042D72AF5200242A2D /* LevelEditorTests.xctest */;
			productType = "com.apple.product-type.bundle.unit-test";
		};
/* End PBXNativeTarget section */

/* Begin PBXProject section */
		FA6023CF2D5EC5410003286A /* Project object */ = {
			isa = PBXProject;
			attributes = {
				BuildIndependentTargetsInParallel = 1;
				LastSwiftUpdateCheck = 1610;
				LastUpgradeCheck = 1610;
				TargetAttributes = {
					FA6023D62D5EC5410003286A = {
						CreatedOnToolsVersion = 16.1;
					};
					FA6023E62D5EC5420003286A = {
						CreatedOnToolsVersion = 16.1;
						TestTargetID = FA6023D62D5EC5410003286A;
					};
					FA6D98F32D72AF5000242A2D = {
						CreatedOnToolsVersion = 16.1;
					};
					FA6D99032D72AF5200242A2D = {
						CreatedOnToolsVersion = 16.1;
						TestTargetID = FA6D98F32D72AF5000242A2D;
					};
				};
			};
			buildConfigurationList = FA6023D22D5EC5410003286A /* Build configuration list for PBXProject "ExpandingWorld" */;
			developmentRegion = en;
			hasScannedForEncodings = 0;
			knownRegions = (
				en,
				Base,
			);
			mainGroup = FA6023CE2D5EC5410003286A;
			minimizedProjectReferenceProxies = 1;
			packageReferences = (
				FA60246C2D5ED2840003286A /* XCRemoteSwiftPackageReference "knit" */,
				FA6024842D5EE1D80003286A /* XCRemoteSwiftPackageReference "ASKCore" */,
				FA6025A52D6057600003286A /* XCRemoteSwiftPackageReference "UIColor-Hex-Swift" */,
				FA0AD9E82D72931F002F1570 /* XCLocalSwiftPackageReference "Modules/Core" */,
				FAF0BA9F2DBC69650038BAFA /* XCLocalSwiftPackageReference "Modules/Battler" */,
			);
			preferredProjectObjectVersion = 77;
			productRefGroup = FA6023D82D5EC5410003286A /* Products */;
			projectDirPath = "";
			projectRoot = "";
			targets = (
				FA6023D62D5EC5410003286A /* ExpandingWorld */,
				FA6023E62D5EC5420003286A /* ExpandingWorldTests */,
				FA6D98F32D72AF5000242A2D /* LevelEditor */,
				FA6D99032D72AF5200242A2D /* LevelEditorTests */,
			);
		};
/* End PBXProject section */

/* Begin PBXResourcesBuildPhase section */
		FA6023D52D5EC5410003286A /* Resources */ = {
			isa = PBXResourcesBuildPhase;
			buildActionMask = 2147483647;
			files = (
				FA6024192D5EC79A0003286A /* knitconfig.json in Resources */,
			);
			runOnlyForDeploymentPostprocessing = 0;
		};
		FA6023E52D5EC5420003286A /* Resources */ = {
			isa = PBXResourcesBuildPhase;
			buildActionMask = 2147483647;
			files = (
			);
			runOnlyForDeploymentPostprocessing = 0;
		};
		FA6D98F22D72AF5000242A2D /* Resources */ = {
			isa = PBXResourcesBuildPhase;
			buildActionMask = 2147483647;
			files = (
			);
			runOnlyForDeploymentPostprocessing = 0;
		};
		FA6D99022D72AF5200242A2D /* Resources */ = {
			isa = PBXResourcesBuildPhase;
			buildActionMask = 2147483647;
			files = (
			);
			runOnlyForDeploymentPostprocessing = 0;
		};
/* End PBXResourcesBuildPhase section */

/* Begin PBXSourcesBuildPhase section */
		FA6023D32D5EC5410003286A /* Sources */ = {
			isa = PBXSourcesBuildPhase;
			buildActionMask = 2147483647;
			files = (
			);
			runOnlyForDeploymentPostprocessing = 0;
		};
		FA6023E32D5EC5420003286A /* Sources */ = {
			isa = PBXSourcesBuildPhase;
			buildActionMask = 2147483647;
			files = (
			);
			runOnlyForDeploymentPostprocessing = 0;
		};
		FA6D98F02D72AF5000242A2D /* Sources */ = {
			isa = PBXSourcesBuildPhase;
			buildActionMask = 2147483647;
			files = (
			);
			runOnlyForDeploymentPostprocessing = 0;
		};
		FA6D99002D72AF5200242A2D /* Sources */ = {
			isa = PBXSourcesBuildPhase;
			buildActionMask = 2147483647;
			files = (
			);
			runOnlyForDeploymentPostprocessing = 0;
		};
/* End PBXSourcesBuildPhase section */

/* Begin PBXTargetDependency section */
		FA6023E92D5EC5420003286A /* PBXTargetDependency */ = {
			isa = PBXTargetDependency;
			target = FA6023D62D5EC5410003286A /* ExpandingWorld */;
			targetProxy = FA6023E82D5EC5420003286A /* PBXContainerItemProxy */;
		};
		FA6024792D5EDDD80003286A /* PBXTargetDependency */ = {
			isa = PBXTargetDependency;
			productRef = FA6024782D5EDDD80003286A /* KnitBuildPlugin */;
		};
		FA6D99062D72AF5200242A2D /* PBXTargetDependency */ = {
			isa = PBXTargetDependency;
			target = FA6D98F32D72AF5000242A2D /* LevelEditor */;
			targetProxy = FA6D99052D72AF5200242A2D /* PBXContainerItemProxy */;
		};
/* End PBXTargetDependency section */

/* Begin XCBuildConfiguration section */
		FA6023F92D5EC5430003286A /* Debug */ = {
			isa = XCBuildConfiguration;
			buildSettings = {
				ALWAYS_SEARCH_USER_PATHS = NO;
				ASSETCATALOG_COMPILER_GENERATE_SWIFT_ASSET_SYMBOL_EXTENSIONS = YES;
				CLANG_ANALYZER_NONNULL = YES;
				CLANG_ANALYZER_NUMBER_OBJECT_CONVERSION = YES_AGGRESSIVE;
				CLANG_CXX_LANGUAGE_STANDARD = "gnu++20";
				CLANG_ENABLE_MODULES = YES;
				CLANG_ENABLE_OBJC_ARC = YES;
				CLANG_ENABLE_OBJC_WEAK = YES;
				CLANG_WARN_BLOCK_CAPTURE_AUTORELEASING = YES;
				CLANG_WARN_BOOL_CONVERSION = YES;
				CLANG_WARN_COMMA = YES;
				CLANG_WARN_CONSTANT_CONVERSION = YES;
				CLANG_WARN_DEPRECATED_OBJC_IMPLEMENTATIONS = YES;
				CLANG_WARN_DIRECT_OBJC_ISA_USAGE = YES_ERROR;
				CLANG_WARN_DOCUMENTATION_COMMENTS = YES;
				CLANG_WARN_EMPTY_BODY = YES;
				CLANG_WARN_ENUM_CONVERSION = YES;
				CLANG_WARN_INFINITE_RECURSION = YES;
				CLANG_WARN_INT_CONVERSION = YES;
				CLANG_WARN_NON_LITERAL_NULL_CONVERSION = YES;
				CLANG_WARN_OBJC_IMPLICIT_RETAIN_SELF = YES;
				CLANG_WARN_OBJC_LITERAL_CONVERSION = YES;
				CLANG_WARN_OBJC_ROOT_CLASS = YES_ERROR;
				CLANG_WARN_QUOTED_INCLUDE_IN_FRAMEWORK_HEADER = YES;
				CLANG_WARN_RANGE_LOOP_ANALYSIS = YES;
				CLANG_WARN_STRICT_PROTOTYPES = YES;
				CLANG_WARN_SUSPICIOUS_MOVE = YES;
				CLANG_WARN_UNGUARDED_AVAILABILITY = YES_AGGRESSIVE;
				CLANG_WARN_UNREACHABLE_CODE = YES;
				CLANG_WARN__DUPLICATE_METHOD_MATCH = YES;
				COPY_PHASE_STRIP = NO;
				DEBUG_INFORMATION_FORMAT = dwarf;
				ENABLE_STRICT_OBJC_MSGSEND = YES;
				ENABLE_TESTABILITY = YES;
				ENABLE_USER_SCRIPT_SANDBOXING = YES;
				GCC_C_LANGUAGE_STANDARD = gnu17;
				GCC_DYNAMIC_NO_PIC = NO;
				GCC_NO_COMMON_BLOCKS = YES;
				GCC_OPTIMIZATION_LEVEL = 0;
				GCC_PREPROCESSOR_DEFINITIONS = (
					"DEBUG=1",
					"$(inherited)",
				);
				GCC_WARN_64_TO_32_BIT_CONVERSION = YES;
				GCC_WARN_ABOUT_RETURN_TYPE = YES_ERROR;
				GCC_WARN_UNDECLARED_SELECTOR = YES;
				GCC_WARN_UNINITIALIZED_AUTOS = YES_AGGRESSIVE;
				GCC_WARN_UNUSED_FUNCTION = YES;
				GCC_WARN_UNUSED_VARIABLE = YES;
				IPHONEOS_DEPLOYMENT_TARGET = 18.1;
				LOCALIZATION_PREFERS_STRING_CATALOGS = YES;
				MTL_ENABLE_DEBUG_INFO = INCLUDE_SOURCE;
				MTL_FAST_MATH = YES;
				ONLY_ACTIVE_ARCH = YES;
				SDKROOT = iphoneos;
				SWIFT_ACTIVE_COMPILATION_CONDITIONS = "DEBUG $(inherited)";
				SWIFT_OPTIMIZATION_LEVEL = "-Onone";
			};
			name = Debug;
		};
		FA6023FA2D5EC5430003286A /* Release */ = {
			isa = XCBuildConfiguration;
			buildSettings = {
				ALWAYS_SEARCH_USER_PATHS = NO;
				ASSETCATALOG_COMPILER_GENERATE_SWIFT_ASSET_SYMBOL_EXTENSIONS = YES;
				CLANG_ANALYZER_NONNULL = YES;
				CLANG_ANALYZER_NUMBER_OBJECT_CONVERSION = YES_AGGRESSIVE;
				CLANG_CXX_LANGUAGE_STANDARD = "gnu++20";
				CLANG_ENABLE_MODULES = YES;
				CLANG_ENABLE_OBJC_ARC = YES;
				CLANG_ENABLE_OBJC_WEAK = YES;
				CLANG_WARN_BLOCK_CAPTURE_AUTORELEASING = YES;
				CLANG_WARN_BOOL_CONVERSION = YES;
				CLANG_WARN_COMMA = YES;
				CLANG_WARN_CONSTANT_CONVERSION = YES;
				CLANG_WARN_DEPRECATED_OBJC_IMPLEMENTATIONS = YES;
				CLANG_WARN_DIRECT_OBJC_ISA_USAGE = YES_ERROR;
				CLANG_WARN_DOCUMENTATION_COMMENTS = YES;
				CLANG_WARN_EMPTY_BODY = YES;
				CLANG_WARN_ENUM_CONVERSION = YES;
				CLANG_WARN_INFINITE_RECURSION = YES;
				CLANG_WARN_INT_CONVERSION = YES;
				CLANG_WARN_NON_LITERAL_NULL_CONVERSION = YES;
				CLANG_WARN_OBJC_IMPLICIT_RETAIN_SELF = YES;
				CLANG_WARN_OBJC_LITERAL_CONVERSION = YES;
				CLANG_WARN_OBJC_ROOT_CLASS = YES_ERROR;
				CLANG_WARN_QUOTED_INCLUDE_IN_FRAMEWORK_HEADER = YES;
				CLANG_WARN_RANGE_LOOP_ANALYSIS = YES;
				CLANG_WARN_STRICT_PROTOTYPES = YES;
				CLANG_WARN_SUSPICIOUS_MOVE = YES;
				CLANG_WARN_UNGUARDED_AVAILABILITY = YES_AGGRESSIVE;
				CLANG_WARN_UNREACHABLE_CODE = YES;
				CLANG_WARN__DUPLICATE_METHOD_MATCH = YES;
				COPY_PHASE_STRIP = NO;
				DEBUG_INFORMATION_FORMAT = "dwarf-with-dsym";
				ENABLE_NS_ASSERTIONS = NO;
				ENABLE_STRICT_OBJC_MSGSEND = YES;
				ENABLE_USER_SCRIPT_SANDBOXING = YES;
				GCC_C_LANGUAGE_STANDARD = gnu17;
				GCC_NO_COMMON_BLOCKS = YES;
				GCC_WARN_64_TO_32_BIT_CONVERSION = YES;
				GCC_WARN_ABOUT_RETURN_TYPE = YES_ERROR;
				GCC_WARN_UNDECLARED_SELECTOR = YES;
				GCC_WARN_UNINITIALIZED_AUTOS = YES_AGGRESSIVE;
				GCC_WARN_UNUSED_FUNCTION = YES;
				GCC_WARN_UNUSED_VARIABLE = YES;
				IPHONEOS_DEPLOYMENT_TARGET = 18.1;
				LOCALIZATION_PREFERS_STRING_CATALOGS = YES;
				MTL_ENABLE_DEBUG_INFO = NO;
				MTL_FAST_MATH = YES;
				SDKROOT = iphoneos;
				SWIFT_COMPILATION_MODE = wholemodule;
				VALIDATE_PRODUCT = YES;
			};
			name = Release;
		};
		FA6023FC2D5EC5430003286A /* Debug */ = {
			isa = XCBuildConfiguration;
			buildSettings = {
				ASSETCATALOG_COMPILER_APPICON_NAME = AppIcon;
				ASSETCATALOG_COMPILER_GLOBAL_ACCENT_COLOR_NAME = AccentColor;
				CODE_SIGN_STYLE = Automatic;
				CURRENT_PROJECT_VERSION = 1;
				DEVELOPMENT_ASSET_PATHS = "\"ExpandingWorld/Resource/Preview Content\"";
				DEVELOPMENT_TEAM = X4S6MUZL2D;
				ENABLE_PREVIEWS = YES;
				GENERATE_INFOPLIST_FILE = YES;
				INFOPLIST_KEY_UIApplicationSceneManifest_Generation = YES;
				INFOPLIST_KEY_UIApplicationSupportsIndirectInputEvents = YES;
				INFOPLIST_KEY_UILaunchScreen_Generation = YES;
				INFOPLIST_KEY_UISupportedInterfaceOrientations_iPad = "UIInterfaceOrientationPortrait UIInterfaceOrientationPortraitUpsideDown UIInterfaceOrientationLandscapeLeft UIInterfaceOrientationLandscapeRight";
				INFOPLIST_KEY_UISupportedInterfaceOrientations_iPhone = "UIInterfaceOrientationPortrait UIInterfaceOrientationLandscapeLeft UIInterfaceOrientationLandscapeRight";
				LD_RUNPATH_SEARCH_PATHS = (
					"$(inherited)",
					"@executable_path/Frameworks",
				);
				MACOSX_DEPLOYMENT_TARGET = 15.0;
				MARKETING_VERSION = 1.0;
				PRODUCT_BUNDLE_IDENTIFIER = com.skorulis.ExpandingWorld;
				PRODUCT_NAME = "$(TARGET_NAME)";
				SWIFT_EMIT_LOC_STRINGS = YES;
				SWIFT_VERSION = 5.0;
				TARGETED_DEVICE_FAMILY = "1,2";
			};
			name = Debug;
		};
		FA6023FD2D5EC5430003286A /* Release */ = {
			isa = XCBuildConfiguration;
			buildSettings = {
				ASSETCATALOG_COMPILER_APPICON_NAME = AppIcon;
				ASSETCATALOG_COMPILER_GLOBAL_ACCENT_COLOR_NAME = AccentColor;
				CODE_SIGN_STYLE = Automatic;
				CURRENT_PROJECT_VERSION = 1;
				DEVELOPMENT_ASSET_PATHS = "\"ExpandingWorld/Resource/Preview Content\"";
				DEVELOPMENT_TEAM = X4S6MUZL2D;
				ENABLE_PREVIEWS = YES;
				GENERATE_INFOPLIST_FILE = YES;
				INFOPLIST_KEY_UIApplicationSceneManifest_Generation = YES;
				INFOPLIST_KEY_UIApplicationSupportsIndirectInputEvents = YES;
				INFOPLIST_KEY_UILaunchScreen_Generation = YES;
				INFOPLIST_KEY_UISupportedInterfaceOrientations_iPad = "UIInterfaceOrientationPortrait UIInterfaceOrientationPortraitUpsideDown UIInterfaceOrientationLandscapeLeft UIInterfaceOrientationLandscapeRight";
				INFOPLIST_KEY_UISupportedInterfaceOrientations_iPhone = "UIInterfaceOrientationPortrait UIInterfaceOrientationLandscapeLeft UIInterfaceOrientationLandscapeRight";
				LD_RUNPATH_SEARCH_PATHS = (
					"$(inherited)",
					"@executable_path/Frameworks",
				);
				MACOSX_DEPLOYMENT_TARGET = 15.0;
				MARKETING_VERSION = 1.0;
				PRODUCT_BUNDLE_IDENTIFIER = com.skorulis.ExpandingWorld;
				PRODUCT_NAME = "$(TARGET_NAME)";
				SWIFT_EMIT_LOC_STRINGS = YES;
				SWIFT_VERSION = 5.0;
				TARGETED_DEVICE_FAMILY = "1,2";
			};
			name = Release;
		};
		FA6023FF2D5EC5430003286A /* Debug */ = {
			isa = XCBuildConfiguration;
			buildSettings = {
				BUNDLE_LOADER = "$(TEST_HOST)";
				CODE_SIGN_STYLE = Automatic;
				CURRENT_PROJECT_VERSION = 1;
				DEVELOPMENT_TEAM = X4S6MUZL2D;
				GENERATE_INFOPLIST_FILE = YES;
				IPHONEOS_DEPLOYMENT_TARGET = 18.1;
				MARKETING_VERSION = 1.0;
				PRODUCT_BUNDLE_IDENTIFIER = com.skorulis.ExpandingWorldTests;
				PRODUCT_NAME = "$(TARGET_NAME)";
				SWIFT_EMIT_LOC_STRINGS = NO;
				SWIFT_VERSION = 5.0;
				TARGETED_DEVICE_FAMILY = "1,2";
				TEST_HOST = "$(BUILT_PRODUCTS_DIR)/ExpandingWorld.app/$(BUNDLE_EXECUTABLE_FOLDER_PATH)/ExpandingWorld";
			};
			name = Debug;
		};
		FA6024002D5EC5430003286A /* Release */ = {
			isa = XCBuildConfiguration;
			buildSettings = {
				BUNDLE_LOADER = "$(TEST_HOST)";
				CODE_SIGN_STYLE = Automatic;
				CURRENT_PROJECT_VERSION = 1;
				DEVELOPMENT_TEAM = X4S6MUZL2D;
				GENERATE_INFOPLIST_FILE = YES;
				IPHONEOS_DEPLOYMENT_TARGET = 18.1;
				MARKETING_VERSION = 1.0;
				PRODUCT_BUNDLE_IDENTIFIER = com.skorulis.ExpandingWorldTests;
				PRODUCT_NAME = "$(TARGET_NAME)";
				SWIFT_EMIT_LOC_STRINGS = NO;
				SWIFT_VERSION = 5.0;
				TARGETED_DEVICE_FAMILY = "1,2";
				TEST_HOST = "$(BUILT_PRODUCTS_DIR)/ExpandingWorld.app/$(BUNDLE_EXECUTABLE_FOLDER_PATH)/ExpandingWorld";
			};
			name = Release;
		};
		FA6D99172D72AF5200242A2D /* Debug */ = {
			isa = XCBuildConfiguration;
			buildSettings = {
				ASSETCATALOG_COMPILER_APPICON_NAME = AppIcon;
				ASSETCATALOG_COMPILER_GLOBAL_ACCENT_COLOR_NAME = AccentColor;
				CODE_SIGN_ENTITLEMENTS = LevelEditor/Resource/LevelEditor.entitlements;
				CODE_SIGN_STYLE = Automatic;
				COMBINE_HIDPI_IMAGES = YES;
				CURRENT_PROJECT_VERSION = 1;
				DEVELOPMENT_ASSET_PATHS = "\"LevelEditor/Resource/Preview Content\"";
				DEVELOPMENT_TEAM = X4S6MUZL2D;
				ENABLE_HARDENED_RUNTIME = YES;
				ENABLE_PREVIEWS = YES;
				GENERATE_INFOPLIST_FILE = YES;
				INFOPLIST_KEY_NSHumanReadableCopyright = "";
				LD_RUNPATH_SEARCH_PATHS = (
					"$(inherited)",
					"@executable_path/../Frameworks",
				);
				MACOSX_DEPLOYMENT_TARGET = 15.1;
				MARKETING_VERSION = 1.0;
				PRODUCT_BUNDLE_IDENTIFIER = com.skorulis.LevelEditor;
				PRODUCT_NAME = "$(TARGET_NAME)";
				SDKROOT = macosx;
				SWIFT_EMIT_LOC_STRINGS = YES;
				SWIFT_VERSION = 5.0;
			};
			name = Debug;
		};
		FA6D99182D72AF5200242A2D /* Release */ = {
			isa = XCBuildConfiguration;
			buildSettings = {
				ASSETCATALOG_COMPILER_APPICON_NAME = AppIcon;
				ASSETCATALOG_COMPILER_GLOBAL_ACCENT_COLOR_NAME = AccentColor;
				CODE_SIGN_ENTITLEMENTS = LevelEditor/Resource/LevelEditor.entitlements;
				CODE_SIGN_STYLE = Automatic;
				COMBINE_HIDPI_IMAGES = YES;
				CURRENT_PROJECT_VERSION = 1;
				DEVELOPMENT_ASSET_PATHS = "\"LevelEditor/Resource/Preview Content\"";
				DEVELOPMENT_TEAM = X4S6MUZL2D;
				ENABLE_HARDENED_RUNTIME = YES;
				ENABLE_PREVIEWS = YES;
				GENERATE_INFOPLIST_FILE = YES;
				INFOPLIST_KEY_NSHumanReadableCopyright = "";
				LD_RUNPATH_SEARCH_PATHS = (
					"$(inherited)",
					"@executable_path/../Frameworks",
				);
				MACOSX_DEPLOYMENT_TARGET = 15.1;
				MARKETING_VERSION = 1.0;
				PRODUCT_BUNDLE_IDENTIFIER = com.skorulis.LevelEditor;
				PRODUCT_NAME = "$(TARGET_NAME)";
				SDKROOT = macosx;
				SWIFT_EMIT_LOC_STRINGS = YES;
				SWIFT_VERSION = 5.0;
			};
			name = Release;
		};
		FA6D991A2D72AF5200242A2D /* Debug */ = {
			isa = XCBuildConfiguration;
			buildSettings = {
				BUNDLE_LOADER = "$(TEST_HOST)";
				CODE_SIGN_STYLE = Automatic;
				CURRENT_PROJECT_VERSION = 1;
				DEVELOPMENT_TEAM = X4S6MUZL2D;
				GENERATE_INFOPLIST_FILE = YES;
				MACOSX_DEPLOYMENT_TARGET = 15.1;
				MARKETING_VERSION = 1.0;
				PRODUCT_BUNDLE_IDENTIFIER = com.skorulis.LevelEditorTests;
				PRODUCT_NAME = "$(TARGET_NAME)";
				SDKROOT = macosx;
				SWIFT_EMIT_LOC_STRINGS = NO;
				SWIFT_VERSION = 5.0;
				TEST_HOST = "$(BUILT_PRODUCTS_DIR)/LevelEditor.app/$(BUNDLE_EXECUTABLE_FOLDER_PATH)/LevelEditor";
			};
			name = Debug;
		};
		FA6D991B2D72AF5200242A2D /* Release */ = {
			isa = XCBuildConfiguration;
			buildSettings = {
				BUNDLE_LOADER = "$(TEST_HOST)";
				CODE_SIGN_STYLE = Automatic;
				CURRENT_PROJECT_VERSION = 1;
				DEVELOPMENT_TEAM = X4S6MUZL2D;
				GENERATE_INFOPLIST_FILE = YES;
				MACOSX_DEPLOYMENT_TARGET = 15.1;
				MARKETING_VERSION = 1.0;
				PRODUCT_BUNDLE_IDENTIFIER = com.skorulis.LevelEditorTests;
				PRODUCT_NAME = "$(TARGET_NAME)";
				SDKROOT = macosx;
				SWIFT_EMIT_LOC_STRINGS = NO;
				SWIFT_VERSION = 5.0;
				TEST_HOST = "$(BUILT_PRODUCTS_DIR)/LevelEditor.app/$(BUNDLE_EXECUTABLE_FOLDER_PATH)/LevelEditor";
			};
			name = Release;
		};
/* End XCBuildConfiguration section */

/* Begin XCConfigurationList section */
		FA6023D22D5EC5410003286A /* Build configuration list for PBXProject "ExpandingWorld" */ = {
			isa = XCConfigurationList;
			buildConfigurations = (
				FA6023F92D5EC5430003286A /* Debug */,
				FA6023FA2D5EC5430003286A /* Release */,
			);
			defaultConfigurationIsVisible = 0;
			defaultConfigurationName = Release;
		};
		FA6023FB2D5EC5430003286A /* Build configuration list for PBXNativeTarget "ExpandingWorld" */ = {
			isa = XCConfigurationList;
			buildConfigurations = (
				FA6023FC2D5EC5430003286A /* Debug */,
				FA6023FD2D5EC5430003286A /* Release */,
			);
			defaultConfigurationIsVisible = 0;
			defaultConfigurationName = Release;
		};
		FA6023FE2D5EC5430003286A /* Build configuration list for PBXNativeTarget "ExpandingWorldTests" */ = {
			isa = XCConfigurationList;
			buildConfigurations = (
				FA6023FF2D5EC5430003286A /* Debug */,
				FA6024002D5EC5430003286A /* Release */,
			);
			defaultConfigurationIsVisible = 0;
			defaultConfigurationName = Release;
		};
		FA6D99162D72AF5200242A2D /* Build configuration list for PBXNativeTarget "LevelEditor" */ = {
			isa = XCConfigurationList;
			buildConfigurations = (
				FA6D99172D72AF5200242A2D /* Debug */,
				FA6D99182D72AF5200242A2D /* Release */,
			);
			defaultConfigurationIsVisible = 0;
			defaultConfigurationName = Release;
		};
		FA6D99192D72AF5200242A2D /* Build configuration list for PBXNativeTarget "LevelEditorTests" */ = {
			isa = XCConfigurationList;
			buildConfigurations = (
				FA6D991A2D72AF5200242A2D /* Debug */,
				FA6D991B2D72AF5200242A2D /* Release */,
			);
			defaultConfigurationIsVisible = 0;
			defaultConfigurationName = Release;
		};
/* End XCConfigurationList section */

/* Begin XCLocalSwiftPackageReference section */
		FA0AD9E82D72931F002F1570 /* XCLocalSwiftPackageReference "Modules/Core" */ = {
			isa = XCLocalSwiftPackageReference;
			relativePath = Modules/Core;
		};
		FAF0BA9F2DBC69650038BAFA /* XCLocalSwiftPackageReference "Modules/Battler" */ = {
			isa = XCLocalSwiftPackageReference;
			relativePath = Modules/Battler;
		};
/* End XCLocalSwiftPackageReference section */

/* Begin XCRemoteSwiftPackageReference section */
		FA60246C2D5ED2840003286A /* XCRemoteSwiftPackageReference "knit" */ = {
			isa = XCRemoteSwiftPackageReference;
			repositoryURL = "https://github.com/cashapp/knit";
			requirement = {
				branch = skorulis/macros;
				kind = branch;
			};
		};
		FA6024842D5EE1D80003286A /* XCRemoteSwiftPackageReference "ASKCore" */ = {
			isa = XCRemoteSwiftPackageReference;
			repositoryURL = "https://github.com/skorulis/ASKCore";
			requirement = {
				kind = revision;
				revision = 1b09b5f3d311f0a95aa9015793e71b92f620f6f7;
			};
		};
		FA6025A52D6057600003286A /* XCRemoteSwiftPackageReference "UIColor-Hex-Swift" */ = {
			isa = XCRemoteSwiftPackageReference;
			repositoryURL = "https://github.com/yeahdongcn/UIColor-Hex-Swift";
			requirement = {
				kind = upToNextMajorVersion;
				minimumVersion = 5.1.9;
			};
		};
/* End XCRemoteSwiftPackageReference section */

/* Begin XCSwiftPackageProductDependency section */
		FA0AD9E92D72931F002F1570 /* Core */ = {
			isa = XCSwiftPackageProductDependency;
			productName = Core;
		};
		FA60246D2D5ED2840003286A /* Knit */ = {
			isa = XCSwiftPackageProductDependency;
			package = FA60246C2D5ED2840003286A /* XCRemoteSwiftPackageReference "knit" */;
			productName = Knit;
		};
		FA60246F2D5ED2840003286A /* KnitMacros */ = {
			isa = XCSwiftPackageProductDependency;
			package = FA60246C2D5ED2840003286A /* XCRemoteSwiftPackageReference "knit" */;
			productName = KnitMacros;
		};
		FA6024782D5EDDD80003286A /* KnitBuildPlugin */ = {
			isa = XCSwiftPackageProductDependency;
			package = FA60246C2D5ED2840003286A /* XCRemoteSwiftPackageReference "knit" */;
			productName = "plugin:KnitBuildPlugin";
		};
		FA6024852D5EE1D80003286A /* ASKCore */ = {
			isa = XCSwiftPackageProductDependency;
			package = FA6024842D5EE1D80003286A /* XCRemoteSwiftPackageReference "ASKCore" */;
			productName = ASKCore;
		};
		FA6025A62D6057600003286A /* UIColorHexSwift */ = {
			isa = XCSwiftPackageProductDependency;
			package = FA6025A52D6057600003286A /* XCRemoteSwiftPackageReference "UIColor-Hex-Swift" */;
			productName = UIColorHexSwift;
		};
		FA6D99F42D72B15400242A2D /* Core */ = {
			isa = XCSwiftPackageProductDependency;
			package = FA0AD9E82D72931F002F1570 /* XCLocalSwiftPackageReference "Modules/Core" */;
			productName = Core;
		};
		FAF0BAA02DBC69650038BAFA /* Battler */ = {
			isa = XCSwiftPackageProductDependency;
			productName = Battler;
		};
/* End XCSwiftPackageProductDependency section */
	};
	rootObject = FA6023CF2D5EC5410003286A /* Project object */;
}
